
Microsoft Visual Studio Solution File, Format Version 12.00
# Visual Studio Version 16
VisualStudioVersion = 16.0.30621.155
MinimumVisualStudioVersion = 10.0.40219.1
Project("{9A19103F-16F7-4668-BE54-9A1E7A4F7556}") = "7. Reverse Integer", "7. Reverse Integer\7. Reverse Integer.csproj", "{E050E58B-FE78-4475-B3BB-0747A32632E2}"
EndProject
Project("{9A19103F-16F7-4668-BE54-9A1E7A4F7556}") = "9. Palindrome Number", "9. Palindrome Number\9. Palindrome Number.csproj", "{46FB5D5E-DF24-4478-8A5B-E1EF32F5FFD1}"
EndProject
Project("{9A19103F-16F7-4668-BE54-9A1E7A4F7556}") = "13. Roman to Integer", "13. Roman to Integer\13. Roman to Integer.csproj", "{D90A0AC3-D677-424B-B2C0-4E4E0AF17FEC}"
EndProject
Project("{9A19103F-16F7-4668-BE54-9A1E7A4F7556}") = "14. Longest Common Prefix", "14. Longest Common Prefix\14. Longest Common Prefix.csproj", "{75FCD1C0-7AB5-4583-80DB-61EE48334850}"
EndProject
Project("{9A19103F-16F7-4668-BE54-9A1E7A4F7556}") = "1480. Running Sum of 1d Array", "1480. Running Sum of 1d Array\1480. Running Sum of 1d Array.csproj", "{417CB46A-6056-4C54-90B3-12BC2A3BF588}"
EndProject
Project("{9A19103F-16F7-4668-BE54-9A1E7A4F7556}") = "1431. Kids With the Greatest Number of Candies", "1431. Kids With the Greatest Number of Candies\1431. Kids With the Greatest Number of Candies.csproj", "{50848034-FFC3-49AD-99BA-F71B6945E027}"
EndProject
Project("{9A19103F-16F7-4668-BE54-9A1E7A4F7556}") = "852. Peak Index in a Mountain Array", "852. Peak Index in a Mountain Array\852. Peak Index in a Mountain Array.csproj", "{AE9C6E69-B32A-47AE-91E8-78DF1F73818E}"
EndProject
Project("{9A19103F-16F7-4668-BE54-9A1E7A4F7556}") = "509. Fibonacci Number", "509. Fibonacci Number\509. Fibonacci Number.csproj", "{B0640627-0D54-4FFC-B1DC-EC1FBC442649}"
EndProject
Project("{9A19103F-16F7-4668-BE54-9A1E7A4F7556}") = "1672. Richest Customer Wealth", "1672. Richest Customer Wealth\1672. Richest Customer Wealth.csproj", "{9695A088-04AF-4CAF-A006-4889AAAC1882}"
EndProject
Project("{9A19103F-16F7-4668-BE54-9A1E7A4F7556}") = "26. Remove Duplicates from Sorted Array", "26. Remove Duplicates from Sorted Array\26. Remove Duplicates from Sorted Array.csproj", "{AFD4D64A-98E6-48A8-BDAF-10F8A6C7E603}"
EndProject
Project("{9A19103F-16F7-4668-BE54-9A1E7A4F7556}") = "27. Remove Element", "27. Remove Element\27. Remove Element.csproj", "{D56DDB3C-D665-4D08-91D8-6E6C45E715C9}"
EndProject
Project("{FAE04EC0-301F-11D3-BF4B-00C04F79EFBC}") = "1470. Shuffle the Array", "1470. Shuffle the Array\1470. Shuffle the Array.csproj", "{12FFE248-1E77-415D-9238-57924F92BA0B}"
EndProject
Global
	GlobalSection(SolutionConfigurationPlatforms) = preSolution
		Debug|Any CPU = Debug|Any CPU
		Release|Any CPU = Release|Any CPU
	EndGlobalSection
	GlobalSection(ProjectConfigurationPlatforms) = postSolution
		{E050E58B-FE78-4475-B3BB-0747A32632E2}.Debug|Any CPU.ActiveCfg = Debug|Any CPU
		{E050E58B-FE78-4475-B3BB-0747A32632E2}.Debug|Any CPU.Build.0 = Debug|Any CPU
		{E050E58B-FE78-4475-B3BB-0747A32632E2}.Release|Any CPU.ActiveCfg = Release|Any CPU
		{E050E58B-FE78-4475-B3BB-0747A32632E2}.Release|Any CPU.Build.0 = Release|Any CPU
		{46FB5D5E-DF24-4478-8A5B-E1EF32F5FFD1}.Debug|Any CPU.ActiveCfg = Debug|Any CPU
		{46FB5D5E-DF24-4478-8A5B-E1EF32F5FFD1}.Debug|Any CPU.Build.0 = Debug|Any CPU
		{46FB5D5E-DF24-4478-8A5B-E1EF32F5FFD1}.Release|Any CPU.ActiveCfg = Release|Any CPU
		{46FB5D5E-DF24-4478-8A5B-E1EF32F5FFD1}.Release|Any CPU.Build.0 = Release|Any CPU
		{D90A0AC3-D677-424B-B2C0-4E4E0AF17FEC}.Debug|Any CPU.ActiveCfg = Debug|Any CPU
		{D90A0AC3-D677-424B-B2C0-4E4E0AF17FEC}.Debug|Any CPU.Build.0 = Debug|Any CPU
		{D90A0AC3-D677-424B-B2C0-4E4E0AF17FEC}.Release|Any CPU.ActiveCfg = Release|Any CPU
		{D90A0AC3-D677-424B-B2C0-4E4E0AF17FEC}.Release|Any CPU.Build.0 = Release|Any CPU
		{75FCD1C0-7AB5-4583-80DB-61EE48334850}.Debug|Any CPU.ActiveCfg = Debug|Any CPU
		{75FCD1C0-7AB5-4583-80DB-61EE48334850}.Debug|Any CPU.Build.0 = Debug|Any CPU
		{75FCD1C0-7AB5-4583-80DB-61EE48334850}.Release|Any CPU.ActiveCfg = Release|Any CPU
		{75FCD1C0-7AB5-4583-80DB-61EE48334850}.Release|Any CPU.Build.0 = Release|Any CPU
		{417CB46A-6056-4C54-90B3-12BC2A3BF588}.Debug|Any CPU.ActiveCfg = Debug|Any CPU
		{417CB46A-6056-4C54-90B3-12BC2A3BF588}.Debug|Any CPU.Build.0 = Debug|Any CPU
		{417CB46A-6056-4C54-90B3-12BC2A3BF588}.Release|Any CPU.ActiveCfg = Release|Any CPU
		{417CB46A-6056-4C54-90B3-12BC2A3BF588}.Release|Any CPU.Build.0 = Release|Any CPU
		{50848034-FFC3-49AD-99BA-F71B6945E027}.Debug|Any CPU.ActiveCfg = Debug|Any CPU
		{50848034-FFC3-49AD-99BA-F71B6945E027}.Debug|Any CPU.Build.0 = Debug|Any CPU
		{50848034-FFC3-49AD-99BA-F71B6945E027}.Release|Any CPU.ActiveCfg = Release|Any CPU
		{50848034-FFC3-49AD-99BA-F71B6945E027}.Release|Any CPU.Build.0 = Release|Any CPU
		{AE9C6E69-B32A-47AE-91E8-78DF1F73818E}.Debug|Any CPU.ActiveCfg = Debug|Any CPU
		{AE9C6E69-B32A-47AE-91E8-78DF1F73818E}.Debug|Any CPU.Build.0 = Debug|Any CPU
		{AE9C6E69-B32A-47AE-91E8-78DF1F73818E}.Release|Any CPU.ActiveCfg = Release|Any CPU
		{AE9C6E69-B32A-47AE-91E8-78DF1F73818E}.Release|Any CPU.Build.0 = Release|Any CPU
		{B0640627-0D54-4FFC-B1DC-EC1FBC442649}.Debug|Any CPU.ActiveCfg = Debug|Any CPU
		{B0640627-0D54-4FFC-B1DC-EC1FBC442649}.Debug|Any CPU.Build.0 = Debug|Any CPU
		{B0640627-0D54-4FFC-B1DC-EC1FBC442649}.Release|Any CPU.ActiveCfg = Release|Any CPU
		{B0640627-0D54-4FFC-B1DC-EC1FBC442649}.Release|Any CPU.Build.0 = Release|Any CPU
		{9695A088-04AF-4CAF-A006-4889AAAC1882}.Debug|Any CPU.ActiveCfg = Debug|Any CPU
		{9695A088-04AF-4CAF-A006-4889AAAC1882}.Debug|Any CPU.Build.0 = Debug|Any CPU
		{9695A088-04AF-4CAF-A006-4889AAAC1882}.Release|Any CPU.ActiveCfg = Release|Any CPU
		{9695A088-04AF-4CAF-A006-4889AAAC1882}.Release|Any CPU.Build.0 = Release|Any CPU
		{AFD4D64A-98E6-48A8-BDAF-10F8A6C7E603}.Debug|Any CPU.ActiveCfg = Debug|Any CPU
		{AFD4D64A-98E6-48A8-BDAF-10F8A6C7E603}.Debug|Any CPU.Build.0 = Debug|Any CPU
		{AFD4D64A-98E6-48A8-BDAF-10F8A6C7E603}.Release|Any CPU.ActiveCfg = Release|Any CPU
		{AFD4D64A-98E6-48A8-BDAF-10F8A6C7E603}.Release|Any CPU.Build.0 = Release|Any CPU
		{D56DDB3C-D665-4D08-91D8-6E6C45E715C9}.Debug|Any CPU.ActiveCfg = Debug|Any CPU
		{D56DDB3C-D665-4D08-91D8-6E6C45E715C9}.Debug|Any CPU.Build.0 = Debug|Any CPU
		{D56DDB3C-D665-4D08-91D8-6E6C45E715C9}.Release|Any CPU.ActiveCfg = Release|Any CPU
		{D56DDB3C-D665-4D08-91D8-6E6C45E715C9}.Release|Any CPU.Build.0 = Release|Any CPU
		{12FFE248-1E77-415D-9238-57924F92BA0B}.Debug|Any CPU.ActiveCfg = Debug|Any CPU
		{12FFE248-1E77-415D-9238-57924F92BA0B}.Debug|Any CPU.Build.0 = Debug|Any CPU
		{12FFE248-1E77-415D-9238-57924F92BA0B}.Release|Any CPU.ActiveCfg = Release|Any CPU
		{12FFE248-1E77-415D-9238-57924F92BA0B}.Release|Any CPU.Build.0 = Release|Any CPU
	EndGlobalSection
	GlobalSection(SolutionProperties) = preSolution
		HideSolutionNode = FALSE
	EndGlobalSection
	GlobalSection(ExtensibilityGlobals) = postSolution
		SolutionGuid = {557E97A2-1FE2-481F-A211-316527372369}
	EndGlobalSection
EndGlobal
